// !$*UTF8*$!
{
	archiveVersion = 1;
	classes = {
	};
	objectVersion = 46;
	objects = {

/* Begin PBXBuildFile section */
		D962BB8B169AA59A0080E652 /* geoip in Resources */ = {isa = PBXBuildFile; fileRef = D962BB8A169AA59A0080E652 /* geoip */; };
		D962BB93169AB0B20080E652 /* WebViewController.m in Sources */ = {isa = PBXBuildFile; fileRef = D962BB92169AB0B20080E652 /* WebViewController.m */; };
		D962BB9E169AB2F50080E652 /* SettingsTableViewController.m in Sources */ = {isa = PBXBuildFile; fileRef = D962BB9A169AB2F40080E652 /* SettingsTableViewController.m */; };
		D962BB9F169AB2F50080E652 /* SettingsViewController.m in Sources */ = {isa = PBXBuildFile; fileRef = D962BB9C169AB2F40080E652 /* SettingsViewController.m */; };
		D962BBA0169AB2F50080E652 /* SettingsViewController.xib in Resources */ = {isa = PBXBuildFile; fileRef = D962BB9D169AB2F40080E652 /* SettingsViewController.xib */; };
		D962BBA7169AB6A50080E652 /* Bookmark.m in Sources */ = {isa = PBXBuildFile; fileRef = D962BBA2169AB6A40080E652 /* Bookmark.m */; };
		D962BBA8169AB6A50080E652 /* BookmarkEditViewController.m in Sources */ = {isa = PBXBuildFile; fileRef = D962BBA4169AB6A50080E652 /* BookmarkEditViewController.m */; };
		D962BBA9169AB6A50080E652 /* BookmarkTableViewController.m in Sources */ = {isa = PBXBuildFile; fileRef = D962BBA6169AB6A50080E652 /* BookmarkTableViewController.m */; };
		D962BBAC169AB7580080E652 /* about.html in Resources */ = {isa = PBXBuildFile; fileRef = D962BBAA169AB7580080E652 /* about.html */; };
		D962BBAD169AB7580080E652 /* startup.html in Resources */ = {isa = PBXBuildFile; fileRef = D962BBAB169AB7580080E652 /* startup.html */; };
		D9B86CFB1659FB7700E8C13B /* UIKit.framework in Frameworks */ = {isa = PBXBuildFile; fileRef = D9B86CFA1659FB7700E8C13B /* UIKit.framework */; };
		D9B86CFD1659FB7700E8C13B /* Foundation.framework in Frameworks */ = {isa = PBXBuildFile; fileRef = D9B86CFC1659FB7700E8C13B /* Foundation.framework */; };
		D9B86CFF1659FB7700E8C13B /* CoreGraphics.framework in Frameworks */ = {isa = PBXBuildFile; fileRef = D9B86CFE1659FB7700E8C13B /* CoreGraphics.framework */; };
		D9B86D051659FB7700E8C13B /* InfoPlist.strings in Resources */ = {isa = PBXBuildFile; fileRef = D9B86D031659FB7700E8C13B /* InfoPlist.strings */; };
		D9B86D071659FB7700E8C13B /* main.m in Sources */ = {isa = PBXBuildFile; fileRef = D9B86D061659FB7700E8C13B /* main.m */; };
		D9B86D0B1659FB7700E8C13B /* OKAppDelegate.m in Sources */ = {isa = PBXBuildFile; fileRef = D9B86D0A1659FB7700E8C13B /* OKAppDelegate.m */; };
		D9B86D0D1659FB7700E8C13B /* Default.png in Resources */ = {isa = PBXBuildFile; fileRef = D9B86D0C1659FB7700E8C13B /* Default.png */; };
		D9B86D0F1659FB7700E8C13B /* Default@2x.png in Resources */ = {isa = PBXBuildFile; fileRef = D9B86D0E1659FB7700E8C13B /* Default@2x.png */; };
		D9B86D111659FB7700E8C13B /* Default-568h@2x.png in Resources */ = {isa = PBXBuildFile; fileRef = D9B86D101659FB7700E8C13B /* Default-568h@2x.png */; };
		D9B86D1E1659FBEF00E8C13B /* CKHTTPConnection.m in Sources */ = {isa = PBXBuildFile; fileRef = D9B86D1D1659FBEF00E8C13B /* CKHTTPConnection.m */; };
		D9B86D301659FC6A00E8C13B /* ULINetSocket.m in Sources */ = {isa = PBXBuildFile; fileRef = D9B86D2E1659FC4600E8C13B /* ULINetSocket.m */; };
		D9B86D311659FC6D00E8C13B /* TorWrapper.m in Sources */ = {isa = PBXBuildFile; fileRef = D9B86D2C1659FC4600E8C13B /* TorWrapper.m */; };
		D9B86D321659FC8E00E8C13B /* TorController.m in Sources */ = {isa = PBXBuildFile; fileRef = D9B86D291659FC4600E8C13B /* TorController.m */; };
		D9B86D341659FC9700E8C13B /* Reachability.m in Sources */ = {isa = PBXBuildFile; fileRef = D9B86D261659FC4600E8C13B /* Reachability.m */; };
		D9B86D351659FC9900E8C13B /* ProxyURLProtocol.m in Sources */ = {isa = PBXBuildFile; fileRef = D9B86D241659FC4600E8C13B /* ProxyURLProtocol.m */; };
		D9B86D361659FC9C00E8C13B /* NSData+Conversion.m in Sources */ = {isa = PBXBuildFile; fileRef = D9B86D221659FC4600E8C13B /* NSData+Conversion.m */; };
		D9B86D371659FC9F00E8C13B /* NSData+CocoaDevUsersAdditions.m in Sources */ = {isa = PBXBuildFile; fileRef = D9B86D201659FC4600E8C13B /* NSData+CocoaDevUsersAdditions.m */; };
		D9B86D431659FD4F00E8C13B /* libcrypto.a in Frameworks */ = {isa = PBXBuildFile; fileRef = D9B86D381659FD4E00E8C13B /* libcrypto.a */; };
		D9B86D441659FD4F00E8C13B /* libevent_core.a in Frameworks */ = {isa = PBXBuildFile; fileRef = D9B86D391659FD4E00E8C13B /* libevent_core.a */; };
		D9B86D451659FD4F00E8C13B /* libevent_extra.a in Frameworks */ = {isa = PBXBuildFile; fileRef = D9B86D3A1659FD4E00E8C13B /* libevent_extra.a */; };
		D9B86D461659FD4F00E8C13B /* libevent_openssl.a in Frameworks */ = {isa = PBXBuildFile; fileRef = D9B86D3B1659FD4E00E8C13B /* libevent_openssl.a */; };
		D9B86D471659FD4F00E8C13B /* libevent_pthreads.a in Frameworks */ = {isa = PBXBuildFile; fileRef = D9B86D3C1659FD4E00E8C13B /* libevent_pthreads.a */; };
		D9B86D481659FD4F00E8C13B /* libevent.a in Frameworks */ = {isa = PBXBuildFile; fileRef = D9B86D3D1659FD4E00E8C13B /* libevent.a */; };
		D9B86D491659FD4F00E8C13B /* libor-crypto.a in Frameworks */ = {isa = PBXBuildFile; fileRef = D9B86D3E1659FD4E00E8C13B /* libor-crypto.a */; };
		D9B86D4A1659FD4F00E8C13B /* libor-event.a in Frameworks */ = {isa = PBXBuildFile; fileRef = D9B86D3F1659FD4E00E8C13B /* libor-event.a */; };
		D9B86D4B1659FD4F00E8C13B /* libor.a in Frameworks */ = {isa = PBXBuildFile; fileRef = D9B86D401659FD4F00E8C13B /* libor.a */; };
		D9B86D4C1659FD4F00E8C13B /* libssl.a in Frameworks */ = {isa = PBXBuildFile; fileRef = D9B86D411659FD4F00E8C13B /* libssl.a */; };
		D9B86D4D1659FD4F00E8C13B /* libtor.a in Frameworks */ = {isa = PBXBuildFile; fileRef = D9B86D421659FD4F00E8C13B /* libtor.a */; };
		D9B86D55165A002A00E8C13B /* Bridge.m in Sources */ = {isa = PBXBuildFile; fileRef = D9B86D50165A002900E8C13B /* Bridge.m */; };
		D9B86D56165A002A00E8C13B /* BridgeEditViewController.m in Sources */ = {isa = PBXBuildFile; fileRef = D9B86D52165A002900E8C13B /* BridgeEditViewController.m */; };
		D9B86D57165A002A00E8C13B /* BridgeTableViewController.m in Sources */ = {isa = PBXBuildFile; fileRef = D9B86D54165A002A00E8C13B /* BridgeTableViewController.m */; };
		D9B86D66165A02B800E8C13B /* CoreData.framework in Frameworks */ = {isa = PBXBuildFile; fileRef = D9B86D65165A02B800E8C13B /* CoreData.framework */; };
		D9B86D68165A02BF00E8C13B /* MobileCoreServices.framework in Frameworks */ = {isa = PBXBuildFile; fileRef = D9B86D67165A02BF00E8C13B /* MobileCoreServices.framework */; };
		D9B86D6A165A02C700E8C13B /* SystemConfiguration.framework in Frameworks */ = {isa = PBXBuildFile; fileRef = D9B86D69165A02C700E8C13B /* SystemConfiguration.framework */; };
		D9B86D6C165A02CE00E8C13B /* CFNetwork.framework in Frameworks */ = {isa = PBXBuildFile; fileRef = D9B86D6B165A02CE00E8C13B /* CFNetwork.framework */; };
		D9B86D6E165A02D800E8C13B /* libz.dylib in Frameworks */ = {isa = PBXBuildFile; fileRef = D9B86D6D165A02D800E8C13B /* libz.dylib */; };
		D9B86D70165A02DF00E8C13B /* libxml2.dylib in Frameworks */ = {isa = PBXBuildFile; fileRef = D9B86D6F165A02DF00E8C13B /* libxml2.dylib */; };
		D9B86D71165A02EE00E8C13B /* tor_main.c in Sources */ = {isa = PBXBuildFile; fileRef = D9B86D271659FC4600E8C13B /* tor_main.c */; };
		D9EF72BB169A910D006ECF49 /* torrc in Resources */ = {isa = PBXBuildFile; fileRef = D9B86D2A1659FC4600E8C13B /* torrc */; };
		D9EF72BF169A918F006ECF49 /* OnionKit.m in Sources */ = {isa = PBXBuildFile; fileRef = D9EF72BE169A918F006ECF49 /* OnionKit.m */; };
		D9EF7326169A951A006ECF49 /* MagicalImportFunctions.m in Sources */ = {isa = PBXBuildFile; fileRef = D9EF72EE169A951A006ECF49 /* MagicalImportFunctions.m */; };
		D9EF7327169A951A006ECF49 /* NSAttributeDescription+MagicalDataImport.m in Sources */ = {isa = PBXBuildFile; fileRef = D9EF72F0169A951A006ECF49 /* NSAttributeDescription+MagicalDataImport.m */; };
		D9EF7328169A951A006ECF49 /* NSEntityDescription+MagicalDataImport.m in Sources */ = {isa = PBXBuildFile; fileRef = D9EF72F2169A951A006ECF49 /* NSEntityDescription+MagicalDataImport.m */; };
		D9EF7329169A951A006ECF49 /* NSNumber+MagicalDataImport.m in Sources */ = {isa = PBXBuildFile; fileRef = D9EF72F4169A951A006ECF49 /* NSNumber+MagicalDataImport.m */; };
		D9EF732A169A951A006ECF49 /* NSObject+MagicalDataImport.m in Sources */ = {isa = PBXBuildFile; fileRef = D9EF72F6169A951A006ECF49 /* NSObject+MagicalDataImport.m */; };
		D9EF732B169A951A006ECF49 /* NSRelationshipDescription+MagicalDataImport.m in Sources */ = {isa = PBXBuildFile; fileRef = D9EF72F8169A951A006ECF49 /* NSRelationshipDescription+MagicalDataImport.m */; };
		D9EF732C169A951A006ECF49 /* NSString+MagicalDataImport.m in Sources */ = {isa = PBXBuildFile; fileRef = D9EF72FA169A951A006ECF49 /* NSString+MagicalDataImport.m */; };
		D9EF732D169A951A006ECF49 /* NSManagedObject+MagicalAggregation.m in Sources */ = {isa = PBXBuildFile; fileRef = D9EF72FD169A951A006ECF49 /* NSManagedObject+MagicalAggregation.m */; };
		D9EF732E169A951A006ECF49 /* NSManagedObject+MagicalDataImport.m in Sources */ = {isa = PBXBuildFile; fileRef = D9EF72FF169A951A006ECF49 /* NSManagedObject+MagicalDataImport.m */; };
		D9EF732F169A951A006ECF49 /* NSManagedObject+MagicalFinders.m in Sources */ = {isa = PBXBuildFile; fileRef = D9EF7301169A951A006ECF49 /* NSManagedObject+MagicalFinders.m */; };
		D9EF7330169A951A006ECF49 /* NSManagedObject+MagicalRecord.m in Sources */ = {isa = PBXBuildFile; fileRef = D9EF7303169A951A006ECF49 /* NSManagedObject+MagicalRecord.m */; };
		D9EF7331169A951A006ECF49 /* NSManagedObject+MagicalRequests.m in Sources */ = {isa = PBXBuildFile; fileRef = D9EF7305169A951A006ECF49 /* NSManagedObject+MagicalRequests.m */; };
		D9EF7332169A951A006ECF49 /* NSManagedObjectContext+MagicalObserving.m in Sources */ = {isa = PBXBuildFile; fileRef = D9EF7308169A951A006ECF49 /* NSManagedObjectContext+MagicalObserving.m */; };
		D9EF7333169A951A006ECF49 /* NSManagedObjectContext+MagicalRecord.m in Sources */ = {isa = PBXBuildFile; fileRef = D9EF730A169A951A006ECF49 /* NSManagedObjectContext+MagicalRecord.m */; };
		D9EF7334169A951A006ECF49 /* NSManagedObjectContext+MagicalSaves.m in Sources */ = {isa = PBXBuildFile; fileRef = D9EF730C169A951A006ECF49 /* NSManagedObjectContext+MagicalSaves.m */; };
		D9EF7335169A951A006ECF49 /* NSManagedObjectContext+MagicalThreading.m in Sources */ = {isa = PBXBuildFile; fileRef = D9EF730E169A951A006ECF49 /* NSManagedObjectContext+MagicalThreading.m */; };
		D9EF7336169A951A006ECF49 /* NSManagedObjectModel+MagicalRecord.m in Sources */ = {isa = PBXBuildFile; fileRef = D9EF7310169A951A006ECF49 /* NSManagedObjectModel+MagicalRecord.m */; };
		D9EF7337169A951A006ECF49 /* NSPersistentStore+MagicalRecord.m in Sources */ = {isa = PBXBuildFile; fileRef = D9EF7312169A951A006ECF49 /* NSPersistentStore+MagicalRecord.m */; };
		D9EF7338169A951A006ECF49 /* NSPersistentStoreCoordinator+MagicalRecord.m in Sources */ = {isa = PBXBuildFile; fileRef = D9EF7314169A951A006ECF49 /* NSPersistentStoreCoordinator+MagicalRecord.m */; };
		D9EF7339169A951A006ECF49 /* MagicalRecord+Actions.m in Sources */ = {isa = PBXBuildFile; fileRef = D9EF7317169A951A006ECF49 /* MagicalRecord+Actions.m */; };
		D9EF733A169A951A006ECF49 /* MagicalRecord+ErrorHandling.m in Sources */ = {isa = PBXBuildFile; fileRef = D9EF7319169A951A006ECF49 /* MagicalRecord+ErrorHandling.m */; };
		D9EF733B169A951A006ECF49 /* MagicalRecord+iCloud.m in Sources */ = {isa = PBXBuildFile; fileRef = D9EF731B169A951A006ECF49 /* MagicalRecord+iCloud.m */; };
		D9EF733C169A951A006ECF49 /* MagicalRecord+Options.m in Sources */ = {isa = PBXBuildFile; fileRef = D9EF731D169A951A006ECF49 /* MagicalRecord+Options.m */; };
		D9EF733D169A951A006ECF49 /* MagicalRecord+Setup.m in Sources */ = {isa = PBXBuildFile; fileRef = D9EF731F169A951A006ECF49 /* MagicalRecord+Setup.m */; };
		D9EF733E169A951A006ECF49 /* MagicalRecord+ShorthandSupport.m in Sources */ = {isa = PBXBuildFile; fileRef = D9EF7321169A951A006ECF49 /* MagicalRecord+ShorthandSupport.m */; };
		D9EF733F169A951A006ECF49 /* MagicalRecord.m in Sources */ = {isa = PBXBuildFile; fileRef = D9EF7323169A951A006ECF49 /* MagicalRecord.m */; };
		D9EF7375169A9BB1006ECF49 /* Settings.xcdatamodeld in Sources */ = {isa = PBXBuildFile; fileRef = D9EF7373169A9BB1006ECF49 /* Settings.xcdatamodeld */; };
/* End PBXBuildFile section */

/* Begin PBXFileReference section */
		D962BB8A169AA59A0080E652 /* geoip */ = {isa = PBXFileReference; fileEncoding = 4; lastKnownFileType = text; name = geoip; path = "../Submodules/iOS-OnionBrowser/dependencies/share/geoip"; sourceTree = "<group>"; };
		D962BB91169AB0B20080E652 /* WebViewController.h */ = {isa = PBXFileReference; fileEncoding = 4; lastKnownFileType = sourcecode.c.h; name = WebViewController.h; path = "../Submodules/iOS-OnionBrowser/OnionBrowser/OnionBrowser/WebViewController.h"; sourceTree = "<group>"; };
		D962BB92169AB0B20080E652 /* WebViewController.m */ = {isa = PBXFileReference; fileEncoding = 4; lastKnownFileType = sourcecode.c.objc; name = WebViewController.m; path = "../Submodules/iOS-OnionBrowser/OnionBrowser/OnionBrowser/WebViewController.m"; sourceTree = "<group>"; };
		D962BB99169AB2F40080E652 /* SettingsTableViewController.h */ = {isa = PBXFileReference; fileEncoding = 4; lastKnownFileType = sourcecode.c.h; name = SettingsTableViewController.h; path = "../Submodules/iOS-OnionBrowser/OnionBrowser/OnionBrowser/SettingsTableViewController.h"; sourceTree = "<group>"; };
		D962BB9A169AB2F40080E652 /* SettingsTableViewController.m */ = {isa = PBXFileReference; fileEncoding = 4; lastKnownFileType = sourcecode.c.objc; name = SettingsTableViewController.m; path = "../Submodules/iOS-OnionBrowser/OnionBrowser/OnionBrowser/SettingsTableViewController.m"; sourceTree = "<group>"; };
		D962BB9B169AB2F40080E652 /* SettingsViewController.h */ = {isa = PBXFileReference; fileEncoding = 4; lastKnownFileType = sourcecode.c.h; name = SettingsViewController.h; path = "../Submodules/iOS-OnionBrowser/OnionBrowser/OnionBrowser/SettingsViewController.h"; sourceTree = "<group>"; };
		D962BB9C169AB2F40080E652 /* SettingsViewController.m */ = {isa = PBXFileReference; fileEncoding = 4; lastKnownFileType = sourcecode.c.objc; name = SettingsViewController.m; path = "../Submodules/iOS-OnionBrowser/OnionBrowser/OnionBrowser/SettingsViewController.m"; sourceTree = "<group>"; };
		D962BB9D169AB2F40080E652 /* SettingsViewController.xib */ = {isa = PBXFileReference; fileEncoding = 4; lastKnownFileType = file.xib; name = SettingsViewController.xib; path = "../Submodules/iOS-OnionBrowser/OnionBrowser/OnionBrowser/SettingsViewController.xib"; sourceTree = "<group>"; };
		D962BBA1169AB6A40080E652 /* Bookmark.h */ = {isa = PBXFileReference; fileEncoding = 4; lastKnownFileType = sourcecode.c.h; name = Bookmark.h; path = "../Submodules/iOS-OnionBrowser/OnionBrowser/OnionBrowser/Bookmark.h"; sourceTree = "<group>"; };
		D962BBA2169AB6A40080E652 /* Bookmark.m */ = {isa = PBXFileReference; fileEncoding = 4; lastKnownFileType = sourcecode.c.objc; name = Bookmark.m; path = "../Submodules/iOS-OnionBrowser/OnionBrowser/OnionBrowser/Bookmark.m"; sourceTree = "<group>"; };
		D962BBA3169AB6A40080E652 /* BookmarkEditViewController.h */ = {isa = PBXFileReference; fileEncoding = 4; lastKnownFileType = sourcecode.c.h; name = BookmarkEditViewController.h; path = "../Submodules/iOS-OnionBrowser/OnionBrowser/OnionBrowser/BookmarkEditViewController.h"; sourceTree = "<group>"; };
		D962BBA4169AB6A50080E652 /* BookmarkEditViewController.m */ = {isa = PBXFileReference; fileEncoding = 4; lastKnownFileType = sourcecode.c.objc; name = BookmarkEditViewController.m; path = "../Submodules/iOS-OnionBrowser/OnionBrowser/OnionBrowser/BookmarkEditViewController.m"; sourceTree = "<group>"; };
		D962BBA5169AB6A50080E652 /* BookmarkTableViewController.h */ = {isa = PBXFileReference; fileEncoding = 4; lastKnownFileType = sourcecode.c.h; name = BookmarkTableViewController.h; path = "../Submodules/iOS-OnionBrowser/OnionBrowser/OnionBrowser/BookmarkTableViewController.h"; sourceTree = "<group>"; };
		D962BBA6169AB6A50080E652 /* BookmarkTableViewController.m */ = {isa = PBXFileReference; fileEncoding = 4; lastKnownFileType = sourcecode.c.objc; name = BookmarkTableViewController.m; path = "../Submodules/iOS-OnionBrowser/OnionBrowser/OnionBrowser/BookmarkTableViewController.m"; sourceTree = "<group>"; };
		D962BBAA169AB7580080E652 /* about.html */ = {isa = PBXFileReference; fileEncoding = 4; lastKnownFileType = text.html; name = about.html; path = "../Submodules/iOS-OnionBrowser/OnionBrowser/about.html"; sourceTree = "<group>"; };
		D962BBAB169AB7580080E652 /* startup.html */ = {isa = PBXFileReference; fileEncoding = 4; lastKnownFileType = text.html; name = startup.html; path = "../Submodules/iOS-OnionBrowser/OnionBrowser/startup.html"; sourceTree = "<group>"; };
		D9B86CF61659FB7700E8C13B /* OnionKit.app */ = {isa = PBXFileReference; explicitFileType = wrapper.application; includeInIndex = 0; path = OnionKit.app; sourceTree = BUILT_PRODUCTS_DIR; };
		D9B86CFA1659FB7700E8C13B /* UIKit.framework */ = {isa = PBXFileReference; lastKnownFileType = wrapper.framework; name = UIKit.framework; path = System/Library/Frameworks/UIKit.framework; sourceTree = SDKROOT; };
		D9B86CFC1659FB7700E8C13B /* Foundation.framework */ = {isa = PBXFileReference; lastKnownFileType = wrapper.framework; name = Foundation.framework; path = System/Library/Frameworks/Foundation.framework; sourceTree = SDKROOT; };
		D9B86CFE1659FB7700E8C13B /* CoreGraphics.framework */ = {isa = PBXFileReference; lastKnownFileType = wrapper.framework; name = CoreGraphics.framework; path = System/Library/Frameworks/CoreGraphics.framework; sourceTree = SDKROOT; };
		D9B86D021659FB7700E8C13B /* OnionKit-Info.plist */ = {isa = PBXFileReference; lastKnownFileType = text.plist.xml; path = "OnionKit-Info.plist"; sourceTree = "<group>"; };
		D9B86D041659FB7700E8C13B /* en */ = {isa = PBXFileReference; lastKnownFileType = text.plist.strings; name = en; path = en.lproj/InfoPlist.strings; sourceTree = "<group>"; };
		D9B86D061659FB7700E8C13B /* main.m */ = {isa = PBXFileReference; lastKnownFileType = sourcecode.c.objc; path = main.m; sourceTree = "<group>"; };
		D9B86D081659FB7700E8C13B /* OnionKit-Prefix.pch */ = {isa = PBXFileReference; lastKnownFileType = sourcecode.c.h; path = "OnionKit-Prefix.pch"; sourceTree = "<group>"; };
		D9B86D091659FB7700E8C13B /* OKAppDelegate.h */ = {isa = PBXFileReference; lastKnownFileType = sourcecode.c.h; path = OKAppDelegate.h; sourceTree = "<group>"; };
		D9B86D0A1659FB7700E8C13B /* OKAppDelegate.m */ = {isa = PBXFileReference; lastKnownFileType = sourcecode.c.objc; path = OKAppDelegate.m; sourceTree = "<group>"; };
		D9B86D0C1659FB7700E8C13B /* Default.png */ = {isa = PBXFileReference; lastKnownFileType = image.png; path = Default.png; sourceTree = "<group>"; };
		D9B86D0E1659FB7700E8C13B /* Default@2x.png */ = {isa = PBXFileReference; lastKnownFileType = image.png; path = "Default@2x.png"; sourceTree = "<group>"; };
		D9B86D101659FB7700E8C13B /* Default-568h@2x.png */ = {isa = PBXFileReference; lastKnownFileType = image.png; path = "Default-568h@2x.png"; sourceTree = "<group>"; };
		D9B86D1C1659FBEF00E8C13B /* CKHTTPConnection.h */ = {isa = PBXFileReference; fileEncoding = 4; lastKnownFileType = sourcecode.c.h; path = CKHTTPConnection.h; sourceTree = "<group>"; };
		D9B86D1D1659FBEF00E8C13B /* CKHTTPConnection.m */ = {isa = PBXFileReference; fileEncoding = 4; lastKnownFileType = sourcecode.c.objc; path = CKHTTPConnection.m; sourceTree = "<group>"; };
		D9B86D1F1659FC4600E8C13B /* NSData+CocoaDevUsersAdditions.h */ = {isa = PBXFileReference; lastKnownFileType = sourcecode.c.h; name = "NSData+CocoaDevUsersAdditions.h"; path = "../Submodules/iOS-OnionBrowser/OnionBrowser/NSData+CocoaDevUsersAdditions.h"; sourceTree = "<group>"; };
		D9B86D201659FC4600E8C13B /* NSData+CocoaDevUsersAdditions.m */ = {isa = PBXFileReference; lastKnownFileType = sourcecode.c.objc; name = "NSData+CocoaDevUsersAdditions.m"; path = "../Submodules/iOS-OnionBrowser/OnionBrowser/NSData+CocoaDevUsersAdditions.m"; sourceTree = "<group>"; };
		D9B86D211659FC4600E8C13B /* NSData+Conversion.h */ = {isa = PBXFileReference; lastKnownFileType = sourcecode.c.h; name = "NSData+Conversion.h"; path = "../Submodules/iOS-OnionBrowser/OnionBrowser/NSData+Conversion.h"; sourceTree = "<group>"; };
		D9B86D221659FC4600E8C13B /* NSData+Conversion.m */ = {isa = PBXFileReference; lastKnownFileType = sourcecode.c.objc; name = "NSData+Conversion.m"; path = "../Submodules/iOS-OnionBrowser/OnionBrowser/NSData+Conversion.m"; sourceTree = "<group>"; };
		D9B86D231659FC4600E8C13B /* ProxyURLProtocol.h */ = {isa = PBXFileReference; lastKnownFileType = sourcecode.c.h; name = ProxyURLProtocol.h; path = "../Submodules/iOS-OnionBrowser/OnionBrowser/ProxyURLProtocol.h"; sourceTree = "<group>"; };
		D9B86D241659FC4600E8C13B /* ProxyURLProtocol.m */ = {isa = PBXFileReference; lastKnownFileType = sourcecode.c.objc; name = ProxyURLProtocol.m; path = "../Submodules/iOS-OnionBrowser/OnionBrowser/ProxyURLProtocol.m"; sourceTree = "<group>"; };
		D9B86D251659FC4600E8C13B /* Reachability.h */ = {isa = PBXFileReference; lastKnownFileType = sourcecode.c.h; name = Reachability.h; path = "../Submodules/iOS-OnionBrowser/OnionBrowser/Reachability.h"; sourceTree = "<group>"; };
		D9B86D261659FC4600E8C13B /* Reachability.m */ = {isa = PBXFileReference; lastKnownFileType = sourcecode.c.objc; name = Reachability.m; path = "../Submodules/iOS-OnionBrowser/OnionBrowser/Reachability.m"; sourceTree = "<group>"; };
		D9B86D271659FC4600E8C13B /* tor_main.c */ = {isa = PBXFileReference; lastKnownFileType = sourcecode.c.c; name = tor_main.c; path = "../Submodules/iOS-OnionBrowser/OnionBrowser/tor_main.c"; sourceTree = "<group>"; };
		D9B86D281659FC4600E8C13B /* TorController.h */ = {isa = PBXFileReference; lastKnownFileType = sourcecode.c.h; name = TorController.h; path = "../Submodules/iOS-OnionBrowser/OnionBrowser/TorController.h"; sourceTree = "<group>"; };
		D9B86D291659FC4600E8C13B /* TorController.m */ = {isa = PBXFileReference; lastKnownFileType = sourcecode.c.objc; name = TorController.m; path = "../Submodules/iOS-OnionBrowser/OnionBrowser/TorController.m"; sourceTree = "<group>"; };
		D9B86D2A1659FC4600E8C13B /* torrc */ = {isa = PBXFileReference; lastKnownFileType = text; name = torrc; path = "../Submodules/iOS-OnionBrowser/OnionBrowser/torrc"; sourceTree = "<group>"; };
		D9B86D2B1659FC4600E8C13B /* TorWrapper.h */ = {isa = PBXFileReference; lastKnownFileType = sourcecode.c.h; name = TorWrapper.h; path = "../Submodules/iOS-OnionBrowser/OnionBrowser/TorWrapper.h"; sourceTree = "<group>"; };
		D9B86D2C1659FC4600E8C13B /* TorWrapper.m */ = {isa = PBXFileReference; lastKnownFileType = sourcecode.c.objc; name = TorWrapper.m; path = "../Submodules/iOS-OnionBrowser/OnionBrowser/TorWrapper.m"; sourceTree = "<group>"; };
		D9B86D2D1659FC4600E8C13B /* ULINetSocket.h */ = {isa = PBXFileReference; lastKnownFileType = sourcecode.c.h; name = ULINetSocket.h; path = "../Submodules/iOS-OnionBrowser/OnionBrowser/ULINetSocket.h"; sourceTree = "<group>"; };
		D9B86D2E1659FC4600E8C13B /* ULINetSocket.m */ = {isa = PBXFileReference; lastKnownFileType = sourcecode.c.objc; name = ULINetSocket.m; path = "../Submodules/iOS-OnionBrowser/OnionBrowser/ULINetSocket.m"; sourceTree = "<group>"; };
		D9B86D381659FD4E00E8C13B /* libcrypto.a */ = {isa = PBXFileReference; lastKnownFileType = archive.ar; name = libcrypto.a; path = "../Submodules/iOS-OnionBrowser/dependencies/lib/libcrypto.a"; sourceTree = "<group>"; };
		D9B86D391659FD4E00E8C13B /* libevent_core.a */ = {isa = PBXFileReference; lastKnownFileType = archive.ar; name = libevent_core.a; path = "../Submodules/iOS-OnionBrowser/dependencies/lib/libevent_core.a"; sourceTree = "<group>"; };
		D9B86D3A1659FD4E00E8C13B /* libevent_extra.a */ = {isa = PBXFileReference; lastKnownFileType = archive.ar; name = libevent_extra.a; path = "../Submodules/iOS-OnionBrowser/dependencies/lib/libevent_extra.a"; sourceTree = "<group>"; };
		D9B86D3B1659FD4E00E8C13B /* libevent_openssl.a */ = {isa = PBXFileReference; lastKnownFileType = archive.ar; name = libevent_openssl.a; path = "../Submodules/iOS-OnionBrowser/dependencies/lib/libevent_openssl.a"; sourceTree = "<group>"; };
		D9B86D3C1659FD4E00E8C13B /* libevent_pthreads.a */ = {isa = PBXFileReference; lastKnownFileType = archive.ar; name = libevent_pthreads.a; path = "../Submodules/iOS-OnionBrowser/dependencies/lib/libevent_pthreads.a"; sourceTree = "<group>"; };
		D9B86D3D1659FD4E00E8C13B /* libevent.a */ = {isa = PBXFileReference; lastKnownFileType = archive.ar; name = libevent.a; path = "../Submodules/iOS-OnionBrowser/dependencies/lib/libevent.a"; sourceTree = "<group>"; };
		D9B86D3E1659FD4E00E8C13B /* libor-crypto.a */ = {isa = PBXFileReference; lastKnownFileType = archive.ar; name = "libor-crypto.a"; path = "../Submodules/iOS-OnionBrowser/dependencies/lib/libor-crypto.a"; sourceTree = "<group>"; };
		D9B86D3F1659FD4E00E8C13B /* libor-event.a */ = {isa = PBXFileReference; lastKnownFileType = archive.ar; name = "libor-event.a"; path = "../Submodules/iOS-OnionBrowser/dependencies/lib/libor-event.a"; sourceTree = "<group>"; };
		D9B86D401659FD4F00E8C13B /* libor.a */ = {isa = PBXFileReference; lastKnownFileType = archive.ar; name = libor.a; path = "../Submodules/iOS-OnionBrowser/dependencies/lib/libor.a"; sourceTree = "<group>"; };
		D9B86D411659FD4F00E8C13B /* libssl.a */ = {isa = PBXFileReference; lastKnownFileType = archive.ar; name = libssl.a; path = "../Submodules/iOS-OnionBrowser/dependencies/lib/libssl.a"; sourceTree = "<group>"; };
		D9B86D421659FD4F00E8C13B /* libtor.a */ = {isa = PBXFileReference; lastKnownFileType = archive.ar; name = libtor.a; path = "../Submodules/iOS-OnionBrowser/dependencies/lib/libtor.a"; sourceTree = "<group>"; };
		D9B86D4F165A002900E8C13B /* Bridge.h */ = {isa = PBXFileReference; fileEncoding = 4; lastKnownFileType = sourcecode.c.h; name = Bridge.h; path = "../Submodules/iOS-OnionBrowser/OnionBrowser/OnionBrowser/Bridge.h"; sourceTree = "<group>"; };
		D9B86D50165A002900E8C13B /* Bridge.m */ = {isa = PBXFileReference; fileEncoding = 4; lastKnownFileType = sourcecode.c.objc; name = Bridge.m; path = "../Submodules/iOS-OnionBrowser/OnionBrowser/OnionBrowser/Bridge.m"; sourceTree = "<group>"; };
		D9B86D51165A002900E8C13B /* BridgeEditViewController.h */ = {isa = PBXFileReference; fileEncoding = 4; lastKnownFileType = sourcecode.c.h; name = BridgeEditViewController.h; path = "../Submodules/iOS-OnionBrowser/OnionBrowser/OnionBrowser/BridgeEditViewController.h"; sourceTree = "<group>"; };
		D9B86D52165A002900E8C13B /* BridgeEditViewController.m */ = {isa = PBXFileReference; fileEncoding = 4; lastKnownFileType = sourcecode.c.objc; name = BridgeEditViewController.m; path = "../Submodules/iOS-OnionBrowser/OnionBrowser/OnionBrowser/BridgeEditViewController.m"; sourceTree = "<group>"; };
		D9B86D53165A002900E8C13B /* BridgeTableViewController.h */ = {isa = PBXFileReference; fileEncoding = 4; lastKnownFileType = sourcecode.c.h; name = BridgeTableViewController.h; path = "../Submodules/iOS-OnionBrowser/OnionBrowser/OnionBrowser/BridgeTableViewController.h"; sourceTree = "<group>"; };
		D9B86D54165A002A00E8C13B /* BridgeTableViewController.m */ = {isa = PBXFileReference; fileEncoding = 4; lastKnownFileType = sourcecode.c.objc; name = BridgeTableViewController.m; path = "../Submodules/iOS-OnionBrowser/OnionBrowser/OnionBrowser/BridgeTableViewController.m"; sourceTree = "<group>"; };
		D9B86D65165A02B800E8C13B /* CoreData.framework */ = {isa = PBXFileReference; lastKnownFileType = wrapper.framework; name = CoreData.framework; path = System/Library/Frameworks/CoreData.framework; sourceTree = SDKROOT; };
		D9B86D67165A02BF00E8C13B /* MobileCoreServices.framework */ = {isa = PBXFileReference; lastKnownFileType = wrapper.framework; name = MobileCoreServices.framework; path = System/Library/Frameworks/MobileCoreServices.framework; sourceTree = SDKROOT; };
		D9B86D69165A02C700E8C13B /* SystemConfiguration.framework */ = {isa = PBXFileReference; lastKnownFileType = wrapper.framework; name = SystemConfiguration.framework; path = System/Library/Frameworks/SystemConfiguration.framework; sourceTree = SDKROOT; };
		D9B86D6B165A02CE00E8C13B /* CFNetwork.framework */ = {isa = PBXFileReference; lastKnownFileType = wrapper.framework; name = CFNetwork.framework; path = System/Library/Frameworks/CFNetwork.framework; sourceTree = SDKROOT; };
		D9B86D6D165A02D800E8C13B /* libz.dylib */ = {isa = PBXFileReference; lastKnownFileType = "compiled.mach-o.dylib"; name = libz.dylib; path = usr/lib/libz.dylib; sourceTree = SDKROOT; };
		D9B86D6F165A02DF00E8C13B /* libxml2.dylib */ = {isa = PBXFileReference; lastKnownFileType = "compiled.mach-o.dylib"; name = libxml2.dylib; path = usr/lib/libxml2.dylib; sourceTree = SDKROOT; };
		D9EF72BD169A918F006ECF49 /* OnionKit.h */ = {isa = PBXFileReference; fileEncoding = 4; lastKnownFileType = sourcecode.c.h; path = OnionKit.h; sourceTree = "<group>"; };
		D9EF72BE169A918F006ECF49 /* OnionKit.m */ = {isa = PBXFileReference; fileEncoding = 4; lastKnownFileType = sourcecode.c.objc; path = OnionKit.m; sourceTree = "<group>"; };
		D9EF72ED169A951A006ECF49 /* MagicalImportFunctions.h */ = {isa = PBXFileReference; fileEncoding = 4; lastKnownFileType = sourcecode.c.h; path = MagicalImportFunctions.h; sourceTree = "<group>"; };
		D9EF72EE169A951A006ECF49 /* MagicalImportFunctions.m */ = {isa = PBXFileReference; fileEncoding = 4; lastKnownFileType = sourcecode.c.objc; path = MagicalImportFunctions.m; sourceTree = "<group>"; };
		D9EF72EF169A951A006ECF49 /* NSAttributeDescription+MagicalDataImport.h */ = {isa = PBXFileReference; fileEncoding = 4; lastKnownFileType = sourcecode.c.h; path = "NSAttributeDescription+MagicalDataImport.h"; sourceTree = "<group>"; };
		D9EF72F0169A951A006ECF49 /* NSAttributeDescription+MagicalDataImport.m */ = {isa = PBXFileReference; fileEncoding = 4; lastKnownFileType = sourcecode.c.objc; path = "NSAttributeDescription+MagicalDataImport.m"; sourceTree = "<group>"; };
		D9EF72F1169A951A006ECF49 /* NSEntityDescription+MagicalDataImport.h */ = {isa = PBXFileReference; fileEncoding = 4; lastKnownFileType = sourcecode.c.h; path = "NSEntityDescription+MagicalDataImport.h"; sourceTree = "<group>"; };
		D9EF72F2169A951A006ECF49 /* NSEntityDescription+MagicalDataImport.m */ = {isa = PBXFileReference; fileEncoding = 4; lastKnownFileType = sourcecode.c.objc; path = "NSEntityDescription+MagicalDataImport.m"; sourceTree = "<group>"; };
		D9EF72F3169A951A006ECF49 /* NSNumber+MagicalDataImport.h */ = {isa = PBXFileReference; fileEncoding = 4; lastKnownFileType = sourcecode.c.h; path = "NSNumber+MagicalDataImport.h"; sourceTree = "<group>"; };
		D9EF72F4169A951A006ECF49 /* NSNumber+MagicalDataImport.m */ = {isa = PBXFileReference; fileEncoding = 4; lastKnownFileType = sourcecode.c.objc; path = "NSNumber+MagicalDataImport.m"; sourceTree = "<group>"; };
		D9EF72F5169A951A006ECF49 /* NSObject+MagicalDataImport.h */ = {isa = PBXFileReference; fileEncoding = 4; lastKnownFileType = sourcecode.c.h; path = "NSObject+MagicalDataImport.h"; sourceTree = "<group>"; };
		D9EF72F6169A951A006ECF49 /* NSObject+MagicalDataImport.m */ = {isa = PBXFileReference; fileEncoding = 4; lastKnownFileType = sourcecode.c.objc; path = "NSObject+MagicalDataImport.m"; sourceTree = "<group>"; };
		D9EF72F7169A951A006ECF49 /* NSRelationshipDescription+MagicalDataImport.h */ = {isa = PBXFileReference; fileEncoding = 4; lastKnownFileType = sourcecode.c.h; path = "NSRelationshipDescription+MagicalDataImport.h"; sourceTree = "<group>"; };
		D9EF72F8169A951A006ECF49 /* NSRelationshipDescription+MagicalDataImport.m */ = {isa = PBXFileReference; fileEncoding = 4; lastKnownFileType = sourcecode.c.objc; path = "NSRelationshipDescription+MagicalDataImport.m"; sourceTree = "<group>"; };
		D9EF72F9169A951A006ECF49 /* NSString+MagicalDataImport.h */ = {isa = PBXFileReference; fileEncoding = 4; lastKnownFileType = sourcecode.c.h; path = "NSString+MagicalDataImport.h"; sourceTree = "<group>"; };
		D9EF72FA169A951A006ECF49 /* NSString+MagicalDataImport.m */ = {isa = PBXFileReference; fileEncoding = 4; lastKnownFileType = sourcecode.c.objc; path = "NSString+MagicalDataImport.m"; sourceTree = "<group>"; };
		D9EF72FC169A951A006ECF49 /* NSManagedObject+MagicalAggregation.h */ = {isa = PBXFileReference; fileEncoding = 4; lastKnownFileType = sourcecode.c.h; path = "NSManagedObject+MagicalAggregation.h"; sourceTree = "<group>"; };
		D9EF72FD169A951A006ECF49 /* NSManagedObject+MagicalAggregation.m */ = {isa = PBXFileReference; fileEncoding = 4; lastKnownFileType = sourcecode.c.objc; path = "NSManagedObject+MagicalAggregation.m"; sourceTree = "<group>"; };
		D9EF72FE169A951A006ECF49 /* NSManagedObject+MagicalDataImport.h */ = {isa = PBXFileReference; fileEncoding = 4; lastKnownFileType = sourcecode.c.h; path = "NSManagedObject+MagicalDataImport.h"; sourceTree = "<group>"; };
		D9EF72FF169A951A006ECF49 /* NSManagedObject+MagicalDataImport.m */ = {isa = PBXFileReference; fileEncoding = 4; lastKnownFileType = sourcecode.c.objc; path = "NSManagedObject+MagicalDataImport.m"; sourceTree = "<group>"; };
		D9EF7300169A951A006ECF49 /* NSManagedObject+MagicalFinders.h */ = {isa = PBXFileReference; fileEncoding = 4; lastKnownFileType = sourcecode.c.h; path = "NSManagedObject+MagicalFinders.h"; sourceTree = "<group>"; };
		D9EF7301169A951A006ECF49 /* NSManagedObject+MagicalFinders.m */ = {isa = PBXFileReference; fileEncoding = 4; lastKnownFileType = sourcecode.c.objc; path = "NSManagedObject+MagicalFinders.m"; sourceTree = "<group>"; };
		D9EF7302169A951A006ECF49 /* NSManagedObject+MagicalRecord.h */ = {isa = PBXFileReference; fileEncoding = 4; lastKnownFileType = sourcecode.c.h; path = "NSManagedObject+MagicalRecord.h"; sourceTree = "<group>"; };
		D9EF7303169A951A006ECF49 /* NSManagedObject+MagicalRecord.m */ = {isa = PBXFileReference; fileEncoding = 4; lastKnownFileType = sourcecode.c.objc; path = "NSManagedObject+MagicalRecord.m"; sourceTree = "<group>"; };
		D9EF7304169A951A006ECF49 /* NSManagedObject+MagicalRequests.h */ = {isa = PBXFileReference; fileEncoding = 4; lastKnownFileType = sourcecode.c.h; path = "NSManagedObject+MagicalRequests.h"; sourceTree = "<group>"; };
		D9EF7305169A951A006ECF49 /* NSManagedObject+MagicalRequests.m */ = {isa = PBXFileReference; fileEncoding = 4; lastKnownFileType = sourcecode.c.objc; path = "NSManagedObject+MagicalRequests.m"; sourceTree = "<group>"; };
		D9EF7307169A951A006ECF49 /* NSManagedObjectContext+MagicalObserving.h */ = {isa = PBXFileReference; fileEncoding = 4; lastKnownFileType = sourcecode.c.h; path = "NSManagedObjectContext+MagicalObserving.h"; sourceTree = "<group>"; };
		D9EF7308169A951A006ECF49 /* NSManagedObjectContext+MagicalObserving.m */ = {isa = PBXFileReference; fileEncoding = 4; lastKnownFileType = sourcecode.c.objc; path = "NSManagedObjectContext+MagicalObserving.m"; sourceTree = "<group>"; };
		D9EF7309169A951A006ECF49 /* NSManagedObjectContext+MagicalRecord.h */ = {isa = PBXFileReference; fileEncoding = 4; lastKnownFileType = sourcecode.c.h; path = "NSManagedObjectContext+MagicalRecord.h"; sourceTree = "<group>"; };
		D9EF730A169A951A006ECF49 /* NSManagedObjectContext+MagicalRecord.m */ = {isa = PBXFileReference; fileEncoding = 4; lastKnownFileType = sourcecode.c.objc; path = "NSManagedObjectContext+MagicalRecord.m"; sourceTree = "<group>"; };
		D9EF730B169A951A006ECF49 /* NSManagedObjectContext+MagicalSaves.h */ = {isa = PBXFileReference; fileEncoding = 4; lastKnownFileType = sourcecode.c.h; path = "NSManagedObjectContext+MagicalSaves.h"; sourceTree = "<group>"; };
		D9EF730C169A951A006ECF49 /* NSManagedObjectContext+MagicalSaves.m */ = {isa = PBXFileReference; fileEncoding = 4; lastKnownFileType = sourcecode.c.objc; path = "NSManagedObjectContext+MagicalSaves.m"; sourceTree = "<group>"; };
		D9EF730D169A951A006ECF49 /* NSManagedObjectContext+MagicalThreading.h */ = {isa = PBXFileReference; fileEncoding = 4; lastKnownFileType = sourcecode.c.h; path = "NSManagedObjectContext+MagicalThreading.h"; sourceTree = "<group>"; };
		D9EF730E169A951A006ECF49 /* NSManagedObjectContext+MagicalThreading.m */ = {isa = PBXFileReference; fileEncoding = 4; lastKnownFileType = sourcecode.c.objc; path = "NSManagedObjectContext+MagicalThreading.m"; sourceTree = "<group>"; };
		D9EF730F169A951A006ECF49 /* NSManagedObjectModel+MagicalRecord.h */ = {isa = PBXFileReference; fileEncoding = 4; lastKnownFileType = sourcecode.c.h; path = "NSManagedObjectModel+MagicalRecord.h"; sourceTree = "<group>"; };
		D9EF7310169A951A006ECF49 /* NSManagedObjectModel+MagicalRecord.m */ = {isa = PBXFileReference; fileEncoding = 4; lastKnownFileType = sourcecode.c.objc; path = "NSManagedObjectModel+MagicalRecord.m"; sourceTree = "<group>"; };
		D9EF7311169A951A006ECF49 /* NSPersistentStore+MagicalRecord.h */ = {isa = PBXFileReference; fileEncoding = 4; lastKnownFileType = sourcecode.c.h; path = "NSPersistentStore+MagicalRecord.h"; sourceTree = "<group>"; };
		D9EF7312169A951A006ECF49 /* NSPersistentStore+MagicalRecord.m */ = {isa = PBXFileReference; fileEncoding = 4; lastKnownFileType = sourcecode.c.objc; path = "NSPersistentStore+MagicalRecord.m"; sourceTree = "<group>"; };
		D9EF7313169A951A006ECF49 /* NSPersistentStoreCoordinator+MagicalRecord.h */ = {isa = PBXFileReference; fileEncoding = 4; lastKnownFileType = sourcecode.c.h; path = "NSPersistentStoreCoordinator+MagicalRecord.h"; sourceTree = "<group>"; };
		D9EF7314169A951A006ECF49 /* NSPersistentStoreCoordinator+MagicalRecord.m */ = {isa = PBXFileReference; fileEncoding = 4; lastKnownFileType = sourcecode.c.objc; path = "NSPersistentStoreCoordinator+MagicalRecord.m"; sourceTree = "<group>"; };
		D9EF7316169A951A006ECF49 /* MagicalRecord+Actions.h */ = {isa = PBXFileReference; fileEncoding = 4; lastKnownFileType = sourcecode.c.h; path = "MagicalRecord+Actions.h"; sourceTree = "<group>"; };
		D9EF7317169A951A006ECF49 /* MagicalRecord+Actions.m */ = {isa = PBXFileReference; fileEncoding = 4; lastKnownFileType = sourcecode.c.objc; path = "MagicalRecord+Actions.m"; sourceTree = "<group>"; };
		D9EF7318169A951A006ECF49 /* MagicalRecord+ErrorHandling.h */ = {isa = PBXFileReference; fileEncoding = 4; lastKnownFileType = sourcecode.c.h; path = "MagicalRecord+ErrorHandling.h"; sourceTree = "<group>"; };
		D9EF7319169A951A006ECF49 /* MagicalRecord+ErrorHandling.m */ = {isa = PBXFileReference; fileEncoding = 4; lastKnownFileType = sourcecode.c.objc; path = "MagicalRecord+ErrorHandling.m"; sourceTree = "<group>"; };
		D9EF731A169A951A006ECF49 /* MagicalRecord+iCloud.h */ = {isa = PBXFileReference; fileEncoding = 4; lastKnownFileType = sourcecode.c.h; path = "MagicalRecord+iCloud.h"; sourceTree = "<group>"; };
		D9EF731B169A951A006ECF49 /* MagicalRecord+iCloud.m */ = {isa = PBXFileReference; fileEncoding = 4; lastKnownFileType = sourcecode.c.objc; path = "MagicalRecord+iCloud.m"; sourceTree = "<group>"; };
		D9EF731C169A951A006ECF49 /* MagicalRecord+Options.h */ = {isa = PBXFileReference; fileEncoding = 4; lastKnownFileType = sourcecode.c.h; path = "MagicalRecord+Options.h"; sourceTree = "<group>"; };
		D9EF731D169A951A006ECF49 /* MagicalRecord+Options.m */ = {isa = PBXFileReference; fileEncoding = 4; lastKnownFileType = sourcecode.c.objc; path = "MagicalRecord+Options.m"; sourceTree = "<group>"; };
		D9EF731E169A951A006ECF49 /* MagicalRecord+Setup.h */ = {isa = PBXFileReference; fileEncoding = 4; lastKnownFileType = sourcecode.c.h; path = "MagicalRecord+Setup.h"; sourceTree = "<group>"; };
		D9EF731F169A951A006ECF49 /* MagicalRecord+Setup.m */ = {isa = PBXFileReference; fileEncoding = 4; lastKnownFileType = sourcecode.c.objc; path = "MagicalRecord+Setup.m"; sourceTree = "<group>"; };
		D9EF7320169A951A006ECF49 /* MagicalRecord+ShorthandSupport.h */ = {isa = PBXFileReference; fileEncoding = 4; lastKnownFileType = sourcecode.c.h; path = "MagicalRecord+ShorthandSupport.h"; sourceTree = "<group>"; };
		D9EF7321169A951A006ECF49 /* MagicalRecord+ShorthandSupport.m */ = {isa = PBXFileReference; fileEncoding = 4; lastKnownFileType = sourcecode.c.objc; path = "MagicalRecord+ShorthandSupport.m"; sourceTree = "<group>"; };
		D9EF7322169A951A006ECF49 /* MagicalRecord.h */ = {isa = PBXFileReference; fileEncoding = 4; lastKnownFileType = sourcecode.c.h; path = MagicalRecord.h; sourceTree = "<group>"; };
		D9EF7323169A951A006ECF49 /* MagicalRecord.m */ = {isa = PBXFileReference; fileEncoding = 4; lastKnownFileType = sourcecode.c.objc; path = MagicalRecord.m; sourceTree = "<group>"; };
		D9EF7324169A951A006ECF49 /* MagicalRecordShorthand.h */ = {isa = PBXFileReference; fileEncoding = 4; lastKnownFileType = sourcecode.c.h; path = MagicalRecordShorthand.h; sourceTree = "<group>"; };
		D9EF7325169A951A006ECF49 /* CoreData+MagicalRecord.h */ = {isa = PBXFileReference; fileEncoding = 4; lastKnownFileType = sourcecode.c.h; path = "CoreData+MagicalRecord.h"; sourceTree = "<group>"; };
		D9EF7374169A9BB1006ECF49 /* Settings.xcdatamodel */ = {isa = PBXFileReference; lastKnownFileType = wrapper.xcdatamodel; path = Settings.xcdatamodel; sourceTree = "<group>"; };
/* End PBXFileReference section */

/* Begin PBXFrameworksBuildPhase section */
		D9B86CF31659FB7700E8C13B /* Frameworks */ = {
			isa = PBXFrameworksBuildPhase;
			buildActionMask = 2147483647;
			files = (
				D9B86D70165A02DF00E8C13B /* libxml2.dylib in Frameworks */,
				D9B86D6E165A02D800E8C13B /* libz.dylib in Frameworks */,
				D9B86D6C165A02CE00E8C13B /* CFNetwork.framework in Frameworks */,
				D9B86D6A165A02C700E8C13B /* SystemConfiguration.framework in Frameworks */,
				D9B86D68165A02BF00E8C13B /* MobileCoreServices.framework in Frameworks */,
				D9B86D66165A02B800E8C13B /* CoreData.framework in Frameworks */,
				D9B86CFB1659FB7700E8C13B /* UIKit.framework in Frameworks */,
				D9B86CFD1659FB7700E8C13B /* Foundation.framework in Frameworks */,
				D9B86CFF1659FB7700E8C13B /* CoreGraphics.framework in Frameworks */,
				D9B86D431659FD4F00E8C13B /* libcrypto.a in Frameworks */,
				D9B86D441659FD4F00E8C13B /* libevent_core.a in Frameworks */,
				D9B86D451659FD4F00E8C13B /* libevent_extra.a in Frameworks */,
				D9B86D461659FD4F00E8C13B /* libevent_openssl.a in Frameworks */,
				D9B86D471659FD4F00E8C13B /* libevent_pthreads.a in Frameworks */,
				D9B86D481659FD4F00E8C13B /* libevent.a in Frameworks */,
				D9B86D491659FD4F00E8C13B /* libor-crypto.a in Frameworks */,
				D9B86D4A1659FD4F00E8C13B /* libor-event.a in Frameworks */,
				D9B86D4B1659FD4F00E8C13B /* libor.a in Frameworks */,
				D9B86D4C1659FD4F00E8C13B /* libssl.a in Frameworks */,
				D9B86D4D1659FD4F00E8C13B /* libtor.a in Frameworks */,
			);
			runOnlyForDeploymentPostprocessing = 0;
		};
/* End PBXFrameworksBuildPhase section */

/* Begin PBXGroup section */
		D9B86CEB1659FB7700E8C13B = {
			isa = PBXGroup;
			children = (
				D9EF7340169A951F006ECF49 /* Submodules */,
				D9B86D001659FB7700E8C13B /* OnionKit */,
				D9B86CF91659FB7700E8C13B /* Frameworks */,
				D9B86CF71659FB7700E8C13B /* Products */,
			);
			sourceTree = "<group>";
		};
		D9B86CF71659FB7700E8C13B /* Products */ = {
			isa = PBXGroup;
			children = (
				D9B86CF61659FB7700E8C13B /* OnionKit.app */,
			);
			name = Products;
			sourceTree = "<group>";
		};
		D9B86CF91659FB7700E8C13B /* Frameworks */ = {
			isa = PBXGroup;
			children = (
				D9B86D6F165A02DF00E8C13B /* libxml2.dylib */,
				D9B86D6D165A02D800E8C13B /* libz.dylib */,
				D9B86D6B165A02CE00E8C13B /* CFNetwork.framework */,
				D9B86D69165A02C700E8C13B /* SystemConfiguration.framework */,
				D9B86D67165A02BF00E8C13B /* MobileCoreServices.framework */,
				D9B86D65165A02B800E8C13B /* CoreData.framework */,
				D9B86CFA1659FB7700E8C13B /* UIKit.framework */,
				D9B86CFC1659FB7700E8C13B /* Foundation.framework */,
				D9B86CFE1659FB7700E8C13B /* CoreGraphics.framework */,
			);
			name = Frameworks;
			sourceTree = "<group>";
		};
		D9B86D001659FB7700E8C13B /* OnionKit */ = {
			isa = PBXGroup;
			children = (
				D9EF72BD169A918F006ECF49 /* OnionKit.h */,
				D9EF72BE169A918F006ECF49 /* OnionKit.m */,
				D9B86D091659FB7700E8C13B /* OKAppDelegate.h */,
				D9B86D0A1659FB7700E8C13B /* OKAppDelegate.m */,
				D9B86D011659FB7700E8C13B /* Supporting Files */,
			);
			path = OnionKit;
			sourceTree = "<group>";
		};
		D9B86D011659FB7700E8C13B /* Supporting Files */ = {
			isa = PBXGroup;
			children = (
				D9B86D021659FB7700E8C13B /* OnionKit-Info.plist */,
				D9B86D031659FB7700E8C13B /* InfoPlist.strings */,
				D9B86D061659FB7700E8C13B /* main.m */,
				D9B86D081659FB7700E8C13B /* OnionKit-Prefix.pch */,
				D9B86D0C1659FB7700E8C13B /* Default.png */,
				D9B86D0E1659FB7700E8C13B /* Default@2x.png */,
				D9B86D101659FB7700E8C13B /* Default-568h@2x.png */,
			);
			name = "Supporting Files";
			sourceTree = "<group>";
		};
		D9B86D1B1659FBEF00E8C13B /* ConnectionKit */ = {
			isa = PBXGroup;
			children = (
				D9B86D1C1659FBEF00E8C13B /* CKHTTPConnection.h */,
				D9B86D1D1659FBEF00E8C13B /* CKHTTPConnection.m */,
			);
			name = ConnectionKit;
			path = "../Submodules/iOS-OnionBrowser/OnionBrowser/ConnectionKit";
			sourceTree = "<group>";
		};
		D9B86D2F1659FC4C00E8C13B /* OnionBrowser */ = {
			isa = PBXGroup;
			children = (
				D962BBAA169AB7580080E652 /* about.html */,
				D962BBAB169AB7580080E652 /* startup.html */,
				D962BBA1169AB6A40080E652 /* Bookmark.h */,
				D962BBA2169AB6A40080E652 /* Bookmark.m */,
				D962BBA3169AB6A40080E652 /* BookmarkEditViewController.h */,
				D962BBA4169AB6A50080E652 /* BookmarkEditViewController.m */,
				D962BBA5169AB6A50080E652 /* BookmarkTableViewController.h */,
				D962BBA6169AB6A50080E652 /* BookmarkTableViewController.m */,
				D962BB99169AB2F40080E652 /* SettingsTableViewController.h */,
				D962BB9A169AB2F40080E652 /* SettingsTableViewController.m */,
				D962BB9B169AB2F40080E652 /* SettingsViewController.h */,
				D962BB9C169AB2F40080E652 /* SettingsViewController.m */,
				D962BB9D169AB2F40080E652 /* SettingsViewController.xib */,
				D9B86D4E1659FD5400E8C13B /* libs */,
				D9B86D1F1659FC4600E8C13B /* NSData+CocoaDevUsersAdditions.h */,
				D9B86D201659FC4600E8C13B /* NSData+CocoaDevUsersAdditions.m */,
				D9B86D4F165A002900E8C13B /* Bridge.h */,
				D9EF7373169A9BB1006ECF49 /* Settings.xcdatamodeld */,
				D9B86D50165A002900E8C13B /* Bridge.m */,
				D9B86D51165A002900E8C13B /* BridgeEditViewController.h */,
				D9B86D52165A002900E8C13B /* BridgeEditViewController.m */,
				D9B86D53165A002900E8C13B /* BridgeTableViewController.h */,
				D9B86D54165A002A00E8C13B /* BridgeTableViewController.m */,
				D9B86D211659FC4600E8C13B /* NSData+Conversion.h */,
				D9B86D221659FC4600E8C13B /* NSData+Conversion.m */,
				D9B86D231659FC4600E8C13B /* ProxyURLProtocol.h */,
				D9B86D241659FC4600E8C13B /* ProxyURLProtocol.m */,
				D9B86D251659FC4600E8C13B /* Reachability.h */,
				D9B86D261659FC4600E8C13B /* Reachability.m */,
				D9B86D271659FC4600E8C13B /* tor_main.c */,
				D9B86D281659FC4600E8C13B /* TorController.h */,
				D9B86D291659FC4600E8C13B /* TorController.m */,
				D9B86D2A1659FC4600E8C13B /* torrc */,
				D962BB8A169AA59A0080E652 /* geoip */,
				D9B86D2B1659FC4600E8C13B /* TorWrapper.h */,
				D9B86D2C1659FC4600E8C13B /* TorWrapper.m */,
				D9B86D2D1659FC4600E8C13B /* ULINetSocket.h */,
				D9B86D2E1659FC4600E8C13B /* ULINetSocket.m */,
				D962BB91169AB0B20080E652 /* WebViewController.h */,
				D962BB92169AB0B20080E652 /* WebViewController.m */,
				D9B86D1B1659FBEF00E8C13B /* ConnectionKit */,
			);
			name = OnionBrowser;
			sourceTree = "<group>";
		};
		D9B86D4E1659FD5400E8C13B /* libs */ = {
			isa = PBXGroup;
			children = (
				D9B86D381659FD4E00E8C13B /* libcrypto.a */,
				D9B86D391659FD4E00E8C13B /* libevent_core.a */,
				D9B86D3A1659FD4E00E8C13B /* libevent_extra.a */,
				D9B86D3B1659FD4E00E8C13B /* libevent_openssl.a */,
				D9B86D3C1659FD4E00E8C13B /* libevent_pthreads.a */,
				D9B86D3D1659FD4E00E8C13B /* libevent.a */,
				D9B86D3E1659FD4E00E8C13B /* libor-crypto.a */,
				D9B86D3F1659FD4E00E8C13B /* libor-event.a */,
				D9B86D401659FD4F00E8C13B /* libor.a */,
				D9B86D411659FD4F00E8C13B /* libssl.a */,
				D9B86D421659FD4F00E8C13B /* libtor.a */,
			);
			name = libs;
			sourceTree = "<group>";
		};
		D9EF72EA169A951A006ECF49 /* MagicalRecord */ = {
			isa = PBXGroup;
			children = (
				D9EF72EB169A951A006ECF49 /* Categories */,
				D9EF7315169A951A006ECF49 /* Core */,
				D9EF7325169A951A006ECF49 /* CoreData+MagicalRecord.h */,
			);
			name = MagicalRecord;
			path = ../Submodules/MagicalRecord/MagicalRecord;
			sourceTree = "<group>";
		};
		D9EF72EB169A951A006ECF49 /* Categories */ = {
			isa = PBXGroup;
			children = (
				D9EF72EC169A951A006ECF49 /* DataImport */,
				D9EF72FB169A951A006ECF49 /* NSManagedObject */,
				D9EF7306169A951A006ECF49 /* NSManagedObjectContext */,
				D9EF730F169A951A006ECF49 /* NSManagedObjectModel+MagicalRecord.h */,
				D9EF7310169A951A006ECF49 /* NSManagedObjectModel+MagicalRecord.m */,
				D9EF7311169A951A006ECF49 /* NSPersistentStore+MagicalRecord.h */,
				D9EF7312169A951A006ECF49 /* NSPersistentStore+MagicalRecord.m */,
				D9EF7313169A951A006ECF49 /* NSPersistentStoreCoordinator+MagicalRecord.h */,
				D9EF7314169A951A006ECF49 /* NSPersistentStoreCoordinator+MagicalRecord.m */,
			);
			path = Categories;
			sourceTree = "<group>";
		};
		D9EF72EC169A951A006ECF49 /* DataImport */ = {
			isa = PBXGroup;
			children = (
				D9EF72ED169A951A006ECF49 /* MagicalImportFunctions.h */,
				D9EF72EE169A951A006ECF49 /* MagicalImportFunctions.m */,
				D9EF72EF169A951A006ECF49 /* NSAttributeDescription+MagicalDataImport.h */,
				D9EF72F0169A951A006ECF49 /* NSAttributeDescription+MagicalDataImport.m */,
				D9EF72F1169A951A006ECF49 /* NSEntityDescription+MagicalDataImport.h */,
				D9EF72F2169A951A006ECF49 /* NSEntityDescription+MagicalDataImport.m */,
				D9EF72F3169A951A006ECF49 /* NSNumber+MagicalDataImport.h */,
				D9EF72F4169A951A006ECF49 /* NSNumber+MagicalDataImport.m */,
				D9EF72F5169A951A006ECF49 /* NSObject+MagicalDataImport.h */,
				D9EF72F6169A951A006ECF49 /* NSObject+MagicalDataImport.m */,
				D9EF72F7169A951A006ECF49 /* NSRelationshipDescription+MagicalDataImport.h */,
				D9EF72F8169A951A006ECF49 /* NSRelationshipDescription+MagicalDataImport.m */,
				D9EF72F9169A951A006ECF49 /* NSString+MagicalDataImport.h */,
				D9EF72FA169A951A006ECF49 /* NSString+MagicalDataImport.m */,
			);
			path = DataImport;
			sourceTree = "<group>";
		};
		D9EF72FB169A951A006ECF49 /* NSManagedObject */ = {
			isa = PBXGroup;
			children = (
				D9EF72FC169A951A006ECF49 /* NSManagedObject+MagicalAggregation.h */,
				D9EF72FD169A951A006ECF49 /* NSManagedObject+MagicalAggregation.m */,
				D9EF72FE169A951A006ECF49 /* NSManagedObject+MagicalDataImport.h */,
				D9EF72FF169A951A006ECF49 /* NSManagedObject+MagicalDataImport.m */,
				D9EF7300169A951A006ECF49 /* NSManagedObject+MagicalFinders.h */,
				D9EF7301169A951A006ECF49 /* NSManagedObject+MagicalFinders.m */,
				D9EF7302169A951A006ECF49 /* NSManagedObject+MagicalRecord.h */,
				D9EF7303169A951A006ECF49 /* NSManagedObject+MagicalRecord.m */,
				D9EF7304169A951A006ECF49 /* NSManagedObject+MagicalRequests.h */,
				D9EF7305169A951A006ECF49 /* NSManagedObject+MagicalRequests.m */,
			);
			path = NSManagedObject;
			sourceTree = "<group>";
		};
		D9EF7306169A951A006ECF49 /* NSManagedObjectContext */ = {
			isa = PBXGroup;
			children = (
				D9EF7307169A951A006ECF49 /* NSManagedObjectContext+MagicalObserving.h */,
				D9EF7308169A951A006ECF49 /* NSManagedObjectContext+MagicalObserving.m */,
				D9EF7309169A951A006ECF49 /* NSManagedObjectContext+MagicalRecord.h */,
				D9EF730A169A951A006ECF49 /* NSManagedObjectContext+MagicalRecord.m */,
				D9EF730B169A951A006ECF49 /* NSManagedObjectContext+MagicalSaves.h */,
				D9EF730C169A951A006ECF49 /* NSManagedObjectContext+MagicalSaves.m */,
				D9EF730D169A951A006ECF49 /* NSManagedObjectContext+MagicalThreading.h */,
				D9EF730E169A951A006ECF49 /* NSManagedObjectContext+MagicalThreading.m */,
			);
			path = NSManagedObjectContext;
			sourceTree = "<group>";
		};
		D9EF7315169A951A006ECF49 /* Core */ = {
			isa = PBXGroup;
			children = (
				D9EF7316169A951A006ECF49 /* MagicalRecord+Actions.h */,
				D9EF7317169A951A006ECF49 /* MagicalRecord+Actions.m */,
				D9EF7318169A951A006ECF49 /* MagicalRecord+ErrorHandling.h */,
				D9EF7319169A951A006ECF49 /* MagicalRecord+ErrorHandling.m */,
				D9EF731A169A951A006ECF49 /* MagicalRecord+iCloud.h */,
				D9EF731B169A951A006ECF49 /* MagicalRecord+iCloud.m */,
				D9EF731C169A951A006ECF49 /* MagicalRecord+Options.h */,
				D9EF731D169A951A006ECF49 /* MagicalRecord+Options.m */,
				D9EF731E169A951A006ECF49 /* MagicalRecord+Setup.h */,
				D9EF731F169A951A006ECF49 /* MagicalRecord+Setup.m */,
				D9EF7320169A951A006ECF49 /* MagicalRecord+ShorthandSupport.h */,
				D9EF7321169A951A006ECF49 /* MagicalRecord+ShorthandSupport.m */,
				D9EF7322169A951A006ECF49 /* MagicalRecord.h */,
				D9EF7323169A951A006ECF49 /* MagicalRecord.m */,
				D9EF7324169A951A006ECF49 /* MagicalRecordShorthand.h */,
			);
			path = Core;
			sourceTree = "<group>";
		};
		D9EF7340169A951F006ECF49 /* Submodules */ = {
			isa = PBXGroup;
			children = (
				D9EF72EA169A951A006ECF49 /* MagicalRecord */,
				D9B86D2F1659FC4C00E8C13B /* OnionBrowser */,
			);
			name = Submodules;
			sourceTree = "<group>";
		};
/* End PBXGroup section */

/* Begin PBXNativeTarget section */
		D9B86CF51659FB7700E8C13B /* OnionKit */ = {
			isa = PBXNativeTarget;
			buildConfigurationList = D9B86D141659FB7700E8C13B /* Build configuration list for PBXNativeTarget "OnionKit" */;
			buildPhases = (
				D9B86CF21659FB7700E8C13B /* Sources */,
				D9B86CF31659FB7700E8C13B /* Frameworks */,
				D9B86CF41659FB7700E8C13B /* Resources */,
			);
			buildRules = (
			);
			dependencies = (
			);
			name = OnionKit;
			productName = OnionKit;
			productReference = D9B86CF61659FB7700E8C13B /* OnionKit.app */;
			productType = "com.apple.product-type.application";
		};
/* End PBXNativeTarget section */

/* Begin PBXProject section */
		D9B86CED1659FB7700E8C13B /* Project object */ = {
			isa = PBXProject;
			attributes = {
				CLASSPREFIX = OK;
				LastUpgradeCheck = 0450;
				ORGANIZATIONNAME = ChatSecure;
			};
			buildConfigurationList = D9B86CF01659FB7700E8C13B /* Build configuration list for PBXProject "OnionKit" */;
			compatibilityVersion = "Xcode 3.2";
			developmentRegion = English;
			hasScannedForEncodings = 0;
			knownRegions = (
				en,
			);
			mainGroup = D9B86CEB1659FB7700E8C13B;
			productRefGroup = D9B86CF71659FB7700E8C13B /* Products */;
			projectDirPath = "";
			projectRoot = "";
			targets = (
				D9B86CF51659FB7700E8C13B /* OnionKit */,
			);
		};
/* End PBXProject section */

/* Begin PBXResourcesBuildPhase section */
		D9B86CF41659FB7700E8C13B /* Resources */ = {
			isa = PBXResourcesBuildPhase;
			buildActionMask = 2147483647;
			files = (
				D9B86D051659FB7700E8C13B /* InfoPlist.strings in Resources */,
				D9B86D0D1659FB7700E8C13B /* Default.png in Resources */,
				D9B86D0F1659FB7700E8C13B /* Default@2x.png in Resources */,
				D9B86D111659FB7700E8C13B /* Default-568h@2x.png in Resources */,
				D9EF72BB169A910D006ECF49 /* torrc in Resources */,
				D962BB8B169AA59A0080E652 /* geoip in Resources */,
				D962BBA0169AB2F50080E652 /* SettingsViewController.xib in Resources */,
				D962BBAC169AB7580080E652 /* about.html in Resources */,
				D962BBAD169AB7580080E652 /* startup.html in Resources */,
			);
			runOnlyForDeploymentPostprocessing = 0;
		};
/* End PBXResourcesBuildPhase section */

/* Begin PBXSourcesBuildPhase section */
		D9B86CF21659FB7700E8C13B /* Sources */ = {
			isa = PBXSourcesBuildPhase;
			buildActionMask = 2147483647;
			files = (
				D9B86D071659FB7700E8C13B /* main.m in Sources */,
				D9B86D0B1659FB7700E8C13B /* OKAppDelegate.m in Sources */,
				D9B86D1E1659FBEF00E8C13B /* CKHTTPConnection.m in Sources */,
				D9B86D301659FC6A00E8C13B /* ULINetSocket.m in Sources */,
				D9B86D311659FC6D00E8C13B /* TorWrapper.m in Sources */,
				D9B86D321659FC8E00E8C13B /* TorController.m in Sources */,
				D9B86D341659FC9700E8C13B /* Reachability.m in Sources */,
				D9B86D351659FC9900E8C13B /* ProxyURLProtocol.m in Sources */,
				D9B86D361659FC9C00E8C13B /* NSData+Conversion.m in Sources */,
				D9B86D371659FC9F00E8C13B /* NSData+CocoaDevUsersAdditions.m in Sources */,
				D9B86D55165A002A00E8C13B /* Bridge.m in Sources */,
				D9B86D56165A002A00E8C13B /* BridgeEditViewController.m in Sources */,
				D9B86D57165A002A00E8C13B /* BridgeTableViewController.m in Sources */,
				D9B86D71165A02EE00E8C13B /* tor_main.c in Sources */,
				D9EF72BF169A918F006ECF49 /* OnionKit.m in Sources */,
				D9EF7326169A951A006ECF49 /* MagicalImportFunctions.m in Sources */,
				D9EF7327169A951A006ECF49 /* NSAttributeDescription+MagicalDataImport.m in Sources */,
				D9EF7328169A951A006ECF49 /* NSEntityDescription+MagicalDataImport.m in Sources */,
				D9EF7329169A951A006ECF49 /* NSNumber+MagicalDataImport.m in Sources */,
				D9EF732A169A951A006ECF49 /* NSObject+MagicalDataImport.m in Sources */,
				D9EF732B169A951A006ECF49 /* NSRelationshipDescription+MagicalDataImport.m in Sources */,
				D9EF732C169A951A006ECF49 /* NSString+MagicalDataImport.m in Sources */,
				D9EF732D169A951A006ECF49 /* NSManagedObject+MagicalAggregation.m in Sources */,
				D9EF732E169A951A006ECF49 /* NSManagedObject+MagicalDataImport.m in Sources */,
				D9EF732F169A951A006ECF49 /* NSManagedObject+MagicalFinders.m in Sources */,
				D9EF7330169A951A006ECF49 /* NSManagedObject+MagicalRecord.m in Sources */,
				D9EF7331169A951A006ECF49 /* NSManagedObject+MagicalRequests.m in Sources */,
				D9EF7332169A951A006ECF49 /* NSManagedObjectContext+MagicalObserving.m in Sources */,
				D9EF7333169A951A006ECF49 /* NSManagedObjectContext+MagicalRecord.m in Sources */,
				D9EF7334169A951A006ECF49 /* NSManagedObjectContext+MagicalSaves.m in Sources */,
				D9EF7335169A951A006ECF49 /* NSManagedObjectContext+MagicalThreading.m in Sources */,
				D9EF7336169A951A006ECF49 /* NSManagedObjectModel+MagicalRecord.m in Sources */,
				D9EF7337169A951A006ECF49 /* NSPersistentStore+MagicalRecord.m in Sources */,
				D9EF7338169A951A006ECF49 /* NSPersistentStoreCoordinator+MagicalRecord.m in Sources */,
				D9EF7339169A951A006ECF49 /* MagicalRecord+Actions.m in Sources */,
				D9EF733A169A951A006ECF49 /* MagicalRecord+ErrorHandling.m in Sources */,
				D9EF733B169A951A006ECF49 /* MagicalRecord+iCloud.m in Sources */,
				D9EF733C169A951A006ECF49 /* MagicalRecord+Options.m in Sources */,
				D9EF733D169A951A006ECF49 /* MagicalRecord+Setup.m in Sources */,
				D9EF733E169A951A006ECF49 /* MagicalRecord+ShorthandSupport.m in Sources */,
				D9EF733F169A951A006ECF49 /* MagicalRecord.m in Sources */,
				D9EF7375169A9BB1006ECF49 /* Settings.xcdatamodeld in Sources */,
				D962BB93169AB0B20080E652 /* WebViewController.m in Sources */,
				D962BB9E169AB2F50080E652 /* SettingsTableViewController.m in Sources */,
				D962BB9F169AB2F50080E652 /* SettingsViewController.m in Sources */,
				D962BBA7169AB6A50080E652 /* Bookmark.m in Sources */,
				D962BBA8169AB6A50080E652 /* BookmarkEditViewController.m in Sources */,
				D962BBA9169AB6A50080E652 /* BookmarkTableViewController.m in Sources */,
			);
			runOnlyForDeploymentPostprocessing = 0;
		};
/* End PBXSourcesBuildPhase section */

/* Begin PBXVariantGroup section */
		D9B86D031659FB7700E8C13B /* InfoPlist.strings */ = {
			isa = PBXVariantGroup;
			children = (
				D9B86D041659FB7700E8C13B /* en */,
			);
			name = InfoPlist.strings;
			sourceTree = "<group>";
		};
/* End PBXVariantGroup section */

/* Begin XCBuildConfiguration section */
		D9B86D121659FB7700E8C13B /* Debug */ = {
			isa = XCBuildConfiguration;
			buildSettings = {
				ALWAYS_SEARCH_USER_PATHS = NO;
				CLANG_CXX_LANGUAGE_STANDARD = "gnu++0x";
				CLANG_CXX_LIBRARY = "libc++";
				CLANG_ENABLE_OBJC_ARC = YES;
				CLANG_WARN_EMPTY_BODY = YES;
				CLANG_WARN__DUPLICATE_METHOD_MATCH = YES;
				"CODE_SIGN_IDENTITY[sdk=iphoneos*]" = "iPhone Developer";
				COPY_PHASE_STRIP = NO;
				GCC_C_LANGUAGE_STANDARD = gnu99;
				GCC_DYNAMIC_NO_PIC = NO;
				GCC_OPTIMIZATION_LEVEL = 0;
				GCC_PREPROCESSOR_DEFINITIONS = (
					"DEBUG=1",
					"$(inherited)",
				);
				GCC_SYMBOLS_PRIVATE_EXTERN = NO;
				GCC_WARN_ABOUT_RETURN_TYPE = YES;
				GCC_WARN_UNINITIALIZED_AUTOS = YES;
				GCC_WARN_UNUSED_VARIABLE = YES;
				IPHONEOS_DEPLOYMENT_TARGET = 6.0;
				ONLY_ACTIVE_ARCH = YES;
				SDKROOT = iphoneos;
				TARGETED_DEVICE_FAMILY = "1,2";
			};
			name = Debug;
		};
		D9B86D131659FB7700E8C13B /* Release */ = {
			isa = XCBuildConfiguration;
			buildSettings = {
				ALWAYS_SEARCH_USER_PATHS = NO;
				CLANG_CXX_LANGUAGE_STANDARD = "gnu++0x";
				CLANG_CXX_LIBRARY = "libc++";
				CLANG_ENABLE_OBJC_ARC = YES;
				CLANG_WARN_EMPTY_BODY = YES;
				CLANG_WARN__DUPLICATE_METHOD_MATCH = YES;
				"CODE_SIGN_IDENTITY[sdk=iphoneos*]" = "iPhone Developer";
				COPY_PHASE_STRIP = YES;
				GCC_C_LANGUAGE_STANDARD = gnu99;
				GCC_WARN_ABOUT_RETURN_TYPE = YES;
				GCC_WARN_UNINITIALIZED_AUTOS = YES;
				GCC_WARN_UNUSED_VARIABLE = YES;
				IPHONEOS_DEPLOYMENT_TARGET = 6.0;
				OTHER_CFLAGS = "-DNS_BLOCK_ASSERTIONS=1";
				SDKROOT = iphoneos;
				TARGETED_DEVICE_FAMILY = "1,2";
				VALIDATE_PRODUCT = YES;
			};
			name = Release;
		};
		D9B86D151659FB7700E8C13B /* Debug */ = {
			isa = XCBuildConfiguration;
			buildSettings = {
				GCC_PRECOMPILE_PREFIX_HEADER = YES;
				GCC_PREFIX_HEADER = "OnionKit/OnionKit-Prefix.pch";
				HEADER_SEARCH_PATHS = (
					"\"$(SRCROOT)/../Submodules/iOS-OnionBrowser/dependencies/include\"",
					"\"$(SRCROOT)/../Submodules/iOS-OnionBrowser/dependencies/include/common\"",
					"\"$(SRCROOT)/../Submodules/iOS-OnionBrowser/dependencies/include/or\"",
					"${SDK_DIR}/usr/include/libxml2",
					"\"$(SRCROOT)/Submodules\"/**",
				);
				INFOPLIST_FILE = "OnionKit/OnionKit-Info.plist";
				IPHONEOS_DEPLOYMENT_TARGET = 5.0;
				LIBRARY_SEARCH_PATHS = (
					"$(inherited)",
					"\"$(SRCROOT)/../Submodules/iOS-OnionBrowser/dependencies/lib\"",
				);
				PRODUCT_NAME = "$(TARGET_NAME)";
				WRAPPER_EXTENSION = app;
			};
			name = Debug;
		};
		D9B86D161659FB7700E8C13B /* Release */ = {
			isa = XCBuildConfiguration;
			buildSettings = {
				GCC_PRECOMPILE_PREFIX_HEADER = YES;
				GCC_PREFIX_HEADER = "OnionKit/OnionKit-Prefix.pch";
				HEADER_SEARCH_PATHS = (
					"\"$(SRCROOT)/../Submodules/iOS-OnionBrowser/dependencies/include\"",
					"\"$(SRCROOT)/../Submodules/iOS-OnionBrowser/dependencies/include/common\"",
					"\"$(SRCROOT)/../Submodules/iOS-OnionBrowser/dependencies/include/or\"",
					"${SDK_DIR}/usr/include/libxml2",
					"\"$(SRCROOT)/Submodules\"/**",
				);
				INFOPLIST_FILE = "OnionKit/OnionKit-Info.plist";
				IPHONEOS_DEPLOYMENT_TARGET = 5.0;
				LIBRARY_SEARCH_PATHS = (
					"$(inherited)",
					"\"$(SRCROOT)/../Submodules/iOS-OnionBrowser/dependencies/lib\"",
				);
				PRODUCT_NAME = "$(TARGET_NAME)";
				WRAPPER_EXTENSION = app;
			};
			name = Release;
		};
/* End XCBuildConfiguration section */

/* Begin XCConfigurationList section */
		D9B86CF01659FB7700E8C13B /* Build configuration list for PBXProject "OnionKit" */ = {
			isa = XCConfigurationList;
			buildConfigurations = (
				D9B86D121659FB7700E8C13B /* Debug */,
				D9B86D131659FB7700E8C13B /* Release */,
			);
			defaultConfigurationIsVisible = 0;
			defaultConfigurationName = Release;
		};
		D9B86D141659FB7700E8C13B /* Build configuration list for PBXNativeTarget "OnionKit" */ = {
			isa = XCConfigurationList;
			buildConfigurations = (
				D9B86D151659FB7700E8C13B /* Debug */,
				D9B86D161659FB7700E8C13B /* Release */,
			);
			defaultConfigurationIsVisible = 0;
			defaultConfigurationName = Release;
		};
/* End XCConfigurationList section */

/* Begin XCVersionGroup section */
		D9EF7373169A9BB1006ECF49 /* Settings.xcdatamodeld */ = {
			isa = XCVersionGroup;
			children = (
				D9EF7374169A9BB1006ECF49 /* Settings.xcdatamodel */,
			);
			currentVersion = D9EF7374169A9BB1006ECF49 /* Settings.xcdatamodel */;
			name = Settings.xcdatamodeld;
			path = "../Submodules/iOS-OnionBrowser/OnionBrowser/OnionBrowser/Settings.xcdatamodeld";
			sourceTree = "<group>";
			versionGroupType = wrapper.xcdatamodel;
		};
/* End XCVersionGroup section */
	};
	rootObject = D9B86CED1659FB7700E8C13B /* Project object */;
}
